<?xml version="1.0" encoding="utf-8"?>
<Project ToolsVersion="16.0" xmlns="http://schemas.microsoft.com/developer/msbuild/2003">
  <ItemGroup>
    <CustomBuild Include="E:\obspl\build\CMakeFiles\1f0579323713c19da47276483156407d\uninstall.rule">
      <Filter>CMake Rules</Filter>
    </CustomBuild>
    <CustomBuild Include="E:\obspl\obs-studio-master\plugins\live2d-plugin\thirdParty\glew\build\cmake\CMakeLists.txt" />
  </ItemGroup>
  <ItemGroup>
    <None Include="E:\obspl\obs-studio-master\plugins\live2d-plugin\gl\glew\CMakeFiles\uninstall" />
  </ItemGroup>
  <ItemGroup>
    <Filter Include="CMake Rules">
      <UniqueIdentifier>{59A5B5D8-C22D-31DC-A9D1-2234DD176DFF}</UniqueIdentifier>
    </Filter>
  </ItemGroup>
</Project>
